<?xml version="1.0" encoding="utf-8"?>
<Project ToolsVersion="4.0" xmlns="http://schemas.microsoft.com/developer/msbuild/2003">
  <ItemGroup>
    <FxCompile Include="resources\shaders\InstancingObject.PS.hlsl" />
    <FxCompile Include="resources\shaders\InstancingObject.VS.hlsl" />
    <FxCompile Include="resources\shaders\Object3d.PS.hlsl" />
    <FxCompile Include="resources\shaders\Object3d.VS.hlsl" />
    <FxCompile Include="resources\shaders\Particle.PS.hlsl" />
    <FxCompile Include="resources\shaders\Particle.VS.hlsl" />
    <FxCompile Include="resources\shaders\Sprite.PS.hlsl" />
    <FxCompile Include="resources\shaders\Sprite.VS.hlsl" />
    <FxCompile Include="resources\shaders\CopyImage.PS.hlsl" />
    <FxCompile Include="resources\shaders\CopyImage.VS.hlsl" />
    <FxCompile Include="resources\shaders\SkinningObject3D.VS.hlsl" />
    <FxCompile Include="resources\shaders\SkinningObject3D.PS.hlsl" />
  </ItemGroup>
  <ItemGroup>
    <ClCompile Include="Application\AL\Plane\Plane.cpp" />
    <ClCompile Include="Application\SceneManager\SceneManager.cpp" />
    <ClCompile Include="Application\Scenes\DebugScene.cpp" />
    <ClCompile Include="Application\Scenes\IScene.cpp" />
    <ClCompile Include="Application\Scenes\MT4Scene.cpp" />
    <ClCompile Include="Engine\3d\Collider\ColliderOBB\OBBCollider.cpp" />
    <ClCompile Include="Engine\3d\Collider\ColliderPlane\PlaneCollider.cpp" />
    <ClCompile Include="Engine\base\AudioManager\AudioManager.cpp" />
    <ClCompile Include="Engine\Camera\Camera.cpp" />
    <ClCompile Include="Engine\base\DirectXFunc\DirectXFunc.cpp" />
    <ClCompile Include="Engine\base\functions\function.cpp" />
    <ClCompile Include="Engine\GlobalVariables\GlobalVariables.cpp" />
    <ClCompile Include="Engine\3d\SingleGameObjects\ObjectPSO.cpp" />
    <ClCompile Include="Engine\3d\SingleGameObjects\GameObject.cpp" />
    <ClCompile Include="Engine\base\ImGuiManager\ImGuiManager.cpp" />
    <ClCompile Include="Engine\base\Input\Input.cpp" />
    <ClCompile Include="Engine\3d\InstancingModelManager\InstancingModelManager.cpp" />
    <ClCompile Include="Engine\3d\InstancingGameObject\InstancingModel.cpp" />
    <ClCompile Include="Engine\3d\InstancingGameObject\InstancingPSO.cpp" />
    <ClCompile Include="Engine\3d\InstancingGameObject\InstancingGameObject.cpp" />
    <ClCompile Include="Engine\base\Log\Log.cpp" />
    <ClCompile Include="Engine\base\MainSystem\MainSystem.cpp" />
    <ClCompile Include="Engine\Math\Matirx.cpp" />
    <ClCompile Include="Engine\Math\Matrix.cpp" />
    <ClCompile Include="Engine\Math\Vector2.cpp" />
    <ClCompile Include="Engine\Math\Vector3.cpp" />
    <ClCompile Include="Engine\3d\SingleModelManager\ModelManager.cpp" />
    <ClCompile Include="Engine\3d\SingleGameObjects\Model.cpp" />
    <ClCompile Include="Engine\ParticleData\ParticleEmiter\ParticleEmiter.cpp" />
    <ClCompile Include="Engine\ParticleData\ParticlePSO\ParticleRootSignature.cpp" />
    <ClCompile Include="Engine\ParticleData\Particle\Particle.cpp" />
    <ClCompile Include="Engine\Math\Quaternion.cpp" />
    <ClCompile Include="Engine\RandomNum\RandomNum.cpp" />
    <ClCompile Include="Engine\3d\Collider\SphereCollider\SphereCollider.cpp" />
    <ClCompile Include="Engine\2d\Sprite\Sprite.cpp" />
    <ClCompile Include="Engine\base\SRVManager\SRVManager.cpp" />
    <ClCompile Include="Engine\base\TextureManager\TextureManager.cpp" />
    <ClCompile Include="Engine\base\WinApp\WinApp.cpp" />
    <ClCompile Include="Engine\3d\WorldTransform\WorldTransform.cpp" />
    <ClCompile Include="externals\Imgui\imgui.cpp" />
    <ClCompile Include="externals\Imgui\imgui_demo.cpp" />
    <ClCompile Include="externals\Imgui\imgui_draw.cpp" />
    <ClCompile Include="externals\Imgui\imgui_impl_dx12.cpp" />
    <ClCompile Include="externals\Imgui\imgui_impl_win32.cpp" />
    <ClCompile Include="externals\Imgui\imgui_tables.cpp" />
    <ClCompile Include="externals\Imgui\imgui_widgets.cpp" />
    <ClCompile Include="main.cpp" />
    <ClCompile Include="Application\Effect\EffectExplosion.cpp" />
    <ClCompile Include="Engine\3d\Collider\IsCollisions.cpp" />
    <ClCompile Include="Engine\base\DXC\DXCManager.cpp" />
    <ClCompile Include="Application\Effect\EffectSphereExplo\ESphereExplo.cpp" />
    <ClCompile Include="Engine\Math\Vector4.cpp" />
    <ClCompile Include="Application\Effect\dZoneE\DZone.cpp" />
    <ClCompile Include="Application\CG\CGScene.cpp" />
    <ClCompile Include="Application\AL\Player\ALPlayer.cpp" />
    <ClCompile Include="Application\AL\ALScene\ALGameScene.cpp" />
    <ClCompile Include="Application\AL\ALScene\ALTitleScene.cpp" />
    <ClCompile Include="Application\AL\BrokenBody\BrokenBody.cpp" />
    <ClCompile Include="Application\AL\Enemy\ALEnemy.cpp" />
    <ClCompile Include="Application\AL\EnemyPopManager\EnemyPopManager.cpp" />
    <ClCompile Include="Application\Effect\Impact\Impact.cpp" />
    <ClCompile Include="Application\GameScene\GameScene.cpp" />
    <ClCompile Include="Engine\2d\SpriteManager\SpriteManager.cpp" />
    <ClCompile Include="Engine\2d\SpritePSO\SpritePSO.cpp" />
    <ClCompile Include="Engine\base\OffScreanPipeline\OffScreanPipeline.cpp" />
    <ClCompile Include="Engine\3d\SkinningPSO\SkinningPSO.cpp" />
  </ItemGroup>
  <ItemGroup>
    <ClInclude Include="Application\AL\Plane\Plane.h" />
    <ClInclude Include="Application\SceneManager\SceneManager.h" />
    <ClInclude Include="Application\Scenes\DebugScene.h" />
    <ClInclude Include="Application\Scenes\MT4Scene.h" />
    <ClInclude Include="Engine\3d\Collider\ColliderOBB\OBBCollider.h" />
    <ClInclude Include="Engine\3d\Collider\ColliderPlane\PlaneCollider.h" />
    <ClInclude Include="Engine\base\AudioManager\AudioManager.h" />
    <ClInclude Include="Engine\base\AudioManager\SoundData.h" />
    <ClInclude Include="Engine\Camera\Camera.h" />
    <ClInclude Include="Engine\base\DirectXFunc\DirectXFunc.h" />
    <ClInclude Include="Engine\base\functions\function.h" />
    <ClInclude Include="Engine\GlobalVariables\GlobalVariables.h" />
    <ClInclude Include="Engine\3d\SingleGameObjects\ObjectPSO.h" />
    <ClInclude Include="Engine\3d\SingleGameObjects\GameObject.h" />
    <ClInclude Include="Engine\base\ImGuiManager\ImGuiManager.h" />
    <ClInclude Include="Engine\base\Input\Input.h" />
    <ClInclude Include="Engine\3d\InstancingModelManager\InstancingModelManager.h" />
    <ClInclude Include="Engine\3d\InstancingGameObject\InstancingModel.h" />
    <ClInclude Include="Engine\3d\InstancingGameObject\InstancingPSO.h" />
    <ClInclude Include="Engine\3d\InstancingGameObject\InstancingGameObject.h" />
    <ClInclude Include="Engine\base\Log\Log.h" />
    <ClInclude Include="Engine\base\MainSystem\MainSystem.h" />
    <ClInclude Include="Engine\Math\Matrix.h" />
    <ClInclude Include="Engine\Math\Vector2.h" />
    <ClInclude Include="Engine\Math\Vector3.h" />
    <ClInclude Include="Engine\Math\Vector4.h" />
    <ClInclude Include="Engine\3d\SingleModelManager\ModelManager.h" />
    <ClInclude Include="Engine\3d\SingleGameObjects\Model.h" />
    <ClInclude Include="Engine\ParticleData\ParticleEmiter\ParticleEmiter.h" />
    <ClInclude Include="Engine\ParticleData\ParticlePSO\ParticleRootSignature.h" />
    <ClInclude Include="Engine\ParticleData\Particle\Particle.h" />
    <ClInclude Include="Engine\Math\Quaternion.h" />
    <ClInclude Include="Engine\RandomNum\RandomNum.h" />
    <ClInclude Include="Engine\3d\Collider\SphereCollider\SphereCollider.h" />
    <ClInclude Include="Engine\2d\Sprite\Sprite.h" />
    <ClInclude Include="Engine\base\SRVManager\SRVManager.h" />
    <ClInclude Include="Engine\base\TextureManager\TextureManager.h" />
    <ClInclude Include="Engine\base\WinApp\WinApp.h" />
    <ClInclude Include="Engine\3d\WorldTransform\WorldTransform.h" />
    <ClInclude Include="externals\Imgui\imconfig.h" />
    <ClInclude Include="externals\Imgui\imgui.h" />
    <ClInclude Include="externals\Imgui\imgui_impl_dx12.h" />
    <ClInclude Include="externals\Imgui\imgui_impl_win32.h" />
    <ClInclude Include="externals\Imgui\imgui_internal.h" />
    <ClInclude Include="externals\Imgui\imstb_rectpack.h" />
    <ClInclude Include="externals\Imgui\imstb_textedit.h" />
    <ClInclude Include="externals\Imgui\imstb_truetype.h" />
    <ClInclude Include="Application\Effect\EffectExplosion.h" />
    <ClInclude Include="Engine\3d\Collider\IsCollisions.h" />
    <ClInclude Include="Engine\base\DXC\DXCManager.h" />
    <ClInclude Include="Application\Effect\EffectSphereExplo\ESphereExplo.h" />
    <ClInclude Include="Application\Effect\dZoneE\DZone.h" />
    <ClInclude Include="Application\CG\CGScene.h" />
    <ClInclude Include="Application\AL\items.h" />
    <ClInclude Include="Application\AL\Player\ALPlayer.h" />
    <ClInclude Include="Application\AL\ALScene\ALGameScene.h" />
    <ClInclude Include="Application\AL\ALScene\ALTitleScene.h" />
    <ClInclude Include="Application\AL\BrokenBody\BrokenBody.h" />
    <ClInclude Include="Application\AL\Enemy\ALEnemy.h" />
    <ClInclude Include="Application\AL\EnemyPopManager\EnemyPopManager.h" />
    <ClInclude Include="Application\Effect\Impact\Impact.h" />
    <ClInclude Include="Application\GameScene\GameScene.h" />
    <ClInclude Include="Engine\2d\SpriteManager\SpriteManager.h" />
    <ClInclude Include="Engine\2d\SpritePSO\SpritePSO.h" />
    <ClInclude Include="Engine\base\OffScreanPipeline\OffScreanPipeline.h" />
    <ClInclude Include="Engine\3d\SkinningPSO\SkinningPSO.h" />
  </ItemGroup>
  <ItemGroup>
    <None Include="resources\jsonfile\enemyPopData.json" />
    <None Include="resources\GlobalVariables\StageWall.json" />
    <None Include="resources\jsonfile\resourcePath.json" />
    <None Include="resources\jsonfile\modelPathFile.json" />
    <None Include="resources\jsonfile\PlayerATKData.json" />
    <None Include="resources\shaders\InstancingObject.hlsli" />
    <None Include="resources\shaders\Object3d.hlsli" />
    <None Include="resources\shaders\Particle.hlsli" />
    <None Include="resources\shaders\Sprite.hlsli" />
    <None Include="resources\shaders\CopyImage.hlsli" />
    <None Include="resources\shaders\SkinningObject3D.hlsli" />
  </ItemGroup>
  <ItemGroup>
    <Text Include="externals\Imgui\LICENSE.txt" />
  </ItemGroup>
</Project>