<?xml version="1.0" encoding="utf-8"?>
<Project ToolsVersion="4.0" xmlns="http://schemas.microsoft.com/developer/msbuild/2003">
  <ItemGroup>
    <FxCompile Include="resources\shaders\Models\InstancingObject.PS.hlsl" />
    <FxCompile Include="resources\shaders\Models\InstancingObject.VS.hlsl" />
    <FxCompile Include="resources\shaders\Models\Object3d.PS.hlsl" />
    <FxCompile Include="resources\shaders\Models\Object3d.VS.hlsl" />
    <FxCompile Include="resources\shaders\Particles\Particle.PS.hlsl" />
    <FxCompile Include="resources\shaders\Particles\Particle.VS.hlsl" />
    <FxCompile Include="resources\shaders\Sprite\Sprite.PS.hlsl" />
    <FxCompile Include="resources\shaders\Sprite\Sprite.VS.hlsl" />
    <FxCompile Include="resources\shaders\PostEffect\CopyImage.PS.hlsl" />
    <FxCompile Include="resources\shaders\PostEffect\CopyImage.VS.hlsl" />
    <FxCompile Include="resources\shaders\Skybox\SkyBox.VS.hlsl" />
    <FxCompile Include="resources\shaders\Skybox\SkyBox.PS.hlsl" />
    <FxCompile Include="resources\shaders\PostEffect\GrayScale.PS.hlsl" />
    <FxCompile Include="resources\shaders\PostEffect\Sepia.PS.hlsl" />
    <FxCompile Include="resources\shaders\PostEffect\Vignetting.PS.hlsl" />
    <FxCompile Include="resources\shaders\PostEffect\Smoothing.PS.hlsl" />
    <FxCompile Include="resources\shaders\PostEffect\GaussianFilter.PS.hlsl" />
    <FxCompile Include="resources\shaders\PostEffect\LightOutline.PS.hlsl" />
    <FxCompile Include="resources\shaders\PostEffect\DepthBasedOutline.PS.hlsl" />
    <FxCompile Include="resources\shaders\PostEffect\RadialBlur.PS.hlsl" />
    <FxCompile Include="resources\shaders\PostEffect\Dissolve.PS.hlsl" />
    <FxCompile Include="resources\shaders\PostEffect\Random.PS.hlsl" />
    <FxCompile Include="resources\shaders\ComputeShader\Skinning.CS.hlsl" />
    <FxCompile Include="resources\shaders\PostEffect\HSVFIlter.PS.hlsl" />
    <FxCompile Include="resources\shaders\ComputeShader\Particle.CS.hlsl" />
    <FxCompile Include="resources\shaders\ComputeShader\InitializeParticle.CS.hlsl" />
    <FxCompile Include="resources\shaders\ComputeShader\ParticleEmiter.CS.hlsl" />
    <FxCompile Include="resources\shaders\PostEffect\Bloom.PS.hlsl" />
    <FxCompile Include="resources\shaders\PostEffect\PickHighLuminance.PS.hlsl" />
  </ItemGroup>
  <ItemGroup>
    <ClCompile Include="Application\Game\Plane\Plane.cpp" />
    <ClCompile Include="Application\SceneManager\SceneManager.cpp" />
    <ClCompile Include="Application\IScene\IScene.cpp" />
    <ClCompile Include="Engine\3d\Collider\ColliderOBB\OBBCollider.cpp" />
    <ClCompile Include="Engine\3d\Collider\ColliderPlane\PlaneCollider.cpp" />
    <ClCompile Include="Engine\base\AudioManager\AudioManager.cpp" />
    <ClCompile Include="Engine\Camera\Camera.cpp" />
    <ClCompile Include="Engine\base\DirectXFunc\DirectXFunc.cpp" />
    <ClCompile Include="Engine\base\functions\function.cpp" />
    <ClCompile Include="Engine\3d\SingleGameObjects\ObjectPSO.cpp" />
    <ClCompile Include="Engine\3d\SingleGameObjects\GameObject.cpp" />
    <ClCompile Include="Engine\base\ImGuiManager\ImGuiManager.cpp" />
    <ClCompile Include="Engine\base\Input\Input.cpp" />
    <ClCompile Include="Engine\3d\InstancingModelManager\InstancingModelManager.cpp" />
    <ClCompile Include="Engine\3d\InstancingGameObject\InstancingModel.cpp" />
    <ClCompile Include="Engine\3d\InstancingGameObject\InstancingPSO.cpp" />
    <ClCompile Include="Engine\3d\InstancingGameObject\InstancingGameObject.cpp" />
    <ClCompile Include="Engine\base\Log\Log.cpp" />
    <ClCompile Include="Engine\base\MainSystem\MainSystem.cpp" />
    <ClCompile Include="Engine\Math\Matirx.cpp" />
    <ClCompile Include="Engine\Math\Matrix.cpp" />
    <ClCompile Include="Engine\Math\Vector2.cpp" />
    <ClCompile Include="Engine\Math\Vector3.cpp" />
    <ClCompile Include="Engine\3d\SingleModelManager\ModelManager.cpp" />
    <ClCompile Include="Engine\3d\SingleGameObjects\Model.cpp" />
    <ClCompile Include="Engine\Math\Quaternion.cpp" />
    <ClCompile Include="Engine\RandomNum\RandomNum.cpp" />
    <ClCompile Include="Engine\3d\Collider\SphereCollider\SphereCollider.cpp" />
    <ClCompile Include="Engine\2d\Sprite\Sprite.cpp" />
    <ClCompile Include="Engine\base\SRVManager\SRVManager.cpp" />
    <ClCompile Include="Engine\base\TextureManager\TextureManager.cpp" />
    <ClCompile Include="Engine\base\WinApp\WinApp.cpp" />
    <ClCompile Include="Engine\3d\WorldTransform\WorldTransform.cpp" />
    <ClCompile Include="externals\Imgui\imgui.cpp" />
    <ClCompile Include="externals\Imgui\imgui_demo.cpp" />
    <ClCompile Include="externals\Imgui\imgui_draw.cpp" />
    <ClCompile Include="externals\Imgui\imgui_impl_dx12.cpp" />
    <ClCompile Include="externals\Imgui\imgui_impl_win32.cpp" />
    <ClCompile Include="externals\Imgui\imgui_tables.cpp" />
    <ClCompile Include="externals\Imgui\imgui_widgets.cpp" />
    <ClCompile Include="main.cpp" />
    <ClCompile Include="Application\Effect\EffectExplosion.cpp" />
    <ClCompile Include="Engine\3d\Collider\IsCollisions.cpp" />
    <ClCompile Include="Engine\base\DXC\DXCManager.cpp" />
    <ClCompile Include="Application\Effect\EffectSphereExplo\ESphereExplo.cpp" />
    <ClCompile Include="Engine\Math\Vector4.cpp" />
    <ClCompile Include="Application\Effect\dZoneE\DZone.cpp" />
    <ClCompile Include="Application\Debug\DebugScene.cpp" />
    <ClCompile Include="Application\Game\Player\Player.cpp" />
    <ClCompile Include="Application\Game\Scene\GameScene.cpp" />
    <ClCompile Include="Application\Game\Scene\TitleScene.cpp" />
    <ClCompile Include="Application\Effect\Impact\Impact.cpp" />
    <ClCompile Include="Application\AppScene\AppScene.cpp" />
    <ClCompile Include="Engine\2d\SpriteManager\SpriteManager.cpp" />
    <ClCompile Include="Engine\2d\SpritePSO\SpritePSO.cpp" />
    <ClCompile Include="Engine\3d\SkyBoxPSO\SkyBoxPSO.cpp" />
    <ClCompile Include="Engine\3d\SkyBoxModel\SkyBoxModel.cpp" />
    <ClCompile Include="Engine\MapLoader\MapLoader.cpp" />
    <ClCompile Include="Engine\LightManager\LightManager.cpp" />
    <ClCompile Include="Engine\PostEffect\PostEffectManager\PostEffectManager.cpp" />
    <ClCompile Include="Engine\base\RTVManager\RTVManager.cpp" />
    <ClCompile Include="Engine\PostEffect\PEs\PEGrayScale.cpp" />
    <ClCompile Include="Engine\PostEffect\PEs\PESepia.cpp" />
    <ClCompile Include="Engine\PostEffect\PEs\PEVignetting.cpp" />
    <ClCompile Include="Engine\PostEffect\PEs\PESmoothing.cpp" />
    <ClCompile Include="Engine\PostEffect\PEs\PEGaussianFilter.cpp" />
    <ClCompile Include="Engine\PostEffect\PEs\PEOffScreen.cpp" />
    <ClCompile Include="Engine\PostEffect\PEs\PELightOutline.cpp" />
    <ClCompile Include="Engine\PostEffect\PEs\PEDepthBasedOutline.cpp" />
    <ClCompile Include="Engine\base\DSVManager\DSVManager.cpp" />
    <ClCompile Include="Engine\PostEffect\PEs\PERadialBlur.cpp" />
    <ClCompile Include="Engine\PostEffect\PEs\PEDissolve.cpp" />
    <ClCompile Include="Engine\PostEffect\PEs\PERandom.cpp" />
    <ClCompile Include="Engine\ComputeShaders\SkinningCS.cpp" />
    <ClCompile Include="Engine\PostEffect\PEs\PEHSVFilter.cpp" />
    <ClCompile Include="Engine\base\UAVManager\UAVManager.cpp" />
    <ClCompile Include="Engine\ParticleData\Update\ParticleUpdateCS.cpp" />
    <ClCompile Include="Engine\ParticleData\ParticleManager.cpp" />
    <ClCompile Include="Engine\ParticleData\ParticlePSO\ParticlePSO.cpp" />
    <ClCompile Include="Engine\ParticleData\Initialize\ParticleInitialize.cpp" />
    <ClCompile Include="Engine\ParticleData\Emiter\ParticleEmiterCS.cpp" />
    <ClCompile Include="Application\Effect\EffectMove\EffectMove.cpp" />
    <ClCompile Include="Application\Game\Boss\Boss.cpp" />
    <ClCompile Include="Application\Game\FollowCamera\FollowCamera.cpp" />
    <ClCompile Include="Application\Game\GameUI\GameUI.cpp" />
    <ClCompile Include="Application\Game\Player\PlayerRoll\PlayerRoll.cpp" />
    <ClCompile Include="Engine\base\DeltaTimer\DeltaTimer.cpp" />
    <ClCompile Include="Application\Game\CirccleShadow\CirccleShadow.cpp" />
    <ClCompile Include="Application\Game\Boss\Idle\BossIdle.cpp" />
    <ClCompile Include="Application\Game\Boss\Move\BossMove.cpp" />
    <ClCompile Include="Application\Game\Boss\ATK\BossATKTypeManager.cpp" />
    <ClCompile Include="Application\Game\Boss\ATK\Normal\BossNormalATKManager.cpp" />
    <ClCompile Include="Application\Game\Boss\BulletManager\BossBulletManager.cpp" />
    <ClCompile Include="Application\Game\Player\Behavior\PlayerATKManager\PlayerATKManager.cpp" />
    <ClCompile Include="Application\Game\Player\Behavior\ATKData\PlayerPunch.cpp" />
    <ClCompile Include="Application\Game\Scene\GameOverScene.cpp" />
    <ClCompile Include="Application\Game\Boss\ATK\IATK\IATK.cpp" />
    <ClCompile Include="Application\Game\Boss\ATK\Normal\Stump\BossStump.cpp" />
    <ClCompile Include="Application\Game\Boss\ATK\Normal\Charge\BossCharge.cpp" />
    <ClCompile Include="Application\Game\Boss\ATK\Normal\ShotBullet\BossShotBullet.cpp" />
    <ClCompile Include="Engine\GVariableManager\GVaribleManager.cpp" />
    <ClCompile Include="Application\Game\Scene\GameClearScene.cpp" />
    <ClCompile Include="Application\Game\Player\Down\PlayerDown.cpp" />
    <ClCompile Include="Engine\GvariGroup\GvariGroup.cpp" />
    <ClCompile Include="Engine\PostEffect\PEs\PEHighLuminance.cpp" />
    <ClCompile Include="Engine\PostEffect\SimplePostEffect\SimplePostEffect.cpp" />
    <ClCompile Include="Engine\PostEffect\PEs\PEBloom.cpp" />
    <ClCompile Include="Engine\ExtractionScene\ExtractionScene.cpp" />
  </ItemGroup>
  <ItemGroup>
    <ClInclude Include="Application\Game\Plane\Plane.h" />
    <ClInclude Include="Application\SceneManager\SceneManager.h" />
    <ClInclude Include="Engine\3d\Collider\ColliderOBB\OBBCollider.h" />
    <ClInclude Include="Engine\3d\Collider\ColliderPlane\PlaneCollider.h" />
    <ClInclude Include="Engine\base\AudioManager\AudioManager.h" />
    <ClInclude Include="Engine\base\AudioManager\SoundData.h" />
    <ClInclude Include="Engine\Camera\Camera.h" />
    <ClInclude Include="Engine\base\DirectXFunc\DirectXFunc.h" />
    <ClInclude Include="Engine\base\functions\function.h" />
    <ClInclude Include="Engine\3d\SingleGameObjects\ObjectPSO.h" />
    <ClInclude Include="Engine\3d\SingleGameObjects\GameObject.h" />
    <ClInclude Include="Engine\base\ImGuiManager\ImGuiManager.h" />
    <ClInclude Include="Engine\base\Input\Input.h" />
    <ClInclude Include="Engine\3d\InstancingModelManager\InstancingModelManager.h" />
    <ClInclude Include="Engine\3d\InstancingGameObject\InstancingModel.h" />
    <ClInclude Include="Engine\3d\InstancingGameObject\InstancingPSO.h" />
    <ClInclude Include="Engine\3d\InstancingGameObject\InstancingGameObject.h" />
    <ClInclude Include="Engine\base\Log\Log.h" />
    <ClInclude Include="Engine\base\MainSystem\MainSystem.h" />
    <ClInclude Include="Engine\Math\Matrix.h" />
    <ClInclude Include="Engine\Math\Vector2.h" />
    <ClInclude Include="Engine\Math\Vector3.h" />
    <ClInclude Include="Engine\Math\Vector4.h" />
    <ClInclude Include="Engine\3d\SingleModelManager\ModelManager.h" />
    <ClInclude Include="Engine\3d\SingleGameObjects\Model.h" />
    <ClInclude Include="Engine\Math\Quaternion.h" />
    <ClInclude Include="Engine\RandomNum\RandomNum.h" />
    <ClInclude Include="Engine\3d\Collider\SphereCollider\SphereCollider.h" />
    <ClInclude Include="Engine\2d\Sprite\Sprite.h" />
    <ClInclude Include="Engine\base\SRVManager\SRVManager.h" />
    <ClInclude Include="Engine\base\TextureManager\TextureManager.h" />
    <ClInclude Include="Engine\base\WinApp\WinApp.h" />
    <ClInclude Include="Engine\3d\WorldTransform\WorldTransform.h" />
    <ClInclude Include="externals\Imgui\imconfig.h" />
    <ClInclude Include="externals\Imgui\imgui.h" />
    <ClInclude Include="externals\Imgui\imgui_impl_dx12.h" />
    <ClInclude Include="externals\Imgui\imgui_impl_win32.h" />
    <ClInclude Include="externals\Imgui\imgui_internal.h" />
    <ClInclude Include="externals\Imgui\imstb_rectpack.h" />
    <ClInclude Include="externals\Imgui\imstb_textedit.h" />
    <ClInclude Include="externals\Imgui\imstb_truetype.h" />
    <ClInclude Include="Application\Effect\EffectExplosion.h" />
    <ClInclude Include="Engine\3d\Collider\IsCollisions.h" />
    <ClInclude Include="Engine\base\DXC\DXCManager.h" />
    <ClInclude Include="Application\Effect\EffectSphereExplo\ESphereExplo.h" />
    <ClInclude Include="Application\Effect\dZoneE\DZone.h" />
    <ClInclude Include="Application\Debug\DebugScene.h" />
    <ClInclude Include="Application\Game\items.h" />
    <ClInclude Include="Application\Game\Player\Player.h" />
    <ClInclude Include="Application\Game\Scene\GameScene.h" />
    <ClInclude Include="Application\Game\Scene\TitleScene.h" />
    <ClInclude Include="Application\Effect\Impact\Impact.h" />
    <ClInclude Include="Application\AppScene\AppScene.h" />
    <ClInclude Include="Engine\2d\SpriteManager\SpriteManager.h" />
    <ClInclude Include="Engine\2d\SpritePSO\SpritePSO.h" />
    <ClInclude Include="Engine\3d\SkyBoxPSO\SkyBoxPSO.h" />
    <ClInclude Include="Engine\3d\SkyBoxModel\SkyBoxModel.h" />
    <ClInclude Include="Engine\MapLoader\MapLoader.h" />
    <ClInclude Include="Engine\LightManager\LightManager.h" />
    <ClInclude Include="Engine\PostEffect\PostEffectManager\PostEffectManager.h" />
    <ClInclude Include="Engine\base\RTVManager\RTVManager.h" />
    <ClInclude Include="Engine\PostEffect\IPipelineStateObject.h" />
    <ClInclude Include="Engine\PostEffect\PEs\PEGrayScale.h" />
    <ClInclude Include="Engine\PostEffect\PEs\PESepia.h" />
    <ClInclude Include="Engine\PostEffect\PEs\PEVignetting.h" />
    <ClInclude Include="Engine\PostEffect\PEs\PESmoothing.h" />
    <ClInclude Include="Engine\PostEffect\PEs\PEGaussianFilter.h" />
    <ClInclude Include="Engine\PostEffect\PEs\PEOffScreen.h" />
    <ClInclude Include="Engine\PostEffect\PEs\PELightOutline.h" />
    <ClInclude Include="Engine\PostEffect\PEs\PEDepthBasedOutline.h" />
    <ClInclude Include="Engine\base\DSVManager\DSVManager.h" />
    <ClInclude Include="Engine\PostEffect\PEs\PERadialBlur.h" />
    <ClInclude Include="Engine\PostEffect\PEs\PEDissolve.h" />
    <ClInclude Include="Engine\PostEffect\PEs\PERandom.h" />
    <ClInclude Include="Engine\ComputeShaders\SkinningCS.h" />
    <ClInclude Include="Engine\PostEffect\PEs\PEHSVFilter.h" />
    <ClInclude Include="Engine\base\UAVManager\UAVManager.h" />
    <ClInclude Include="Engine\ParticleData\Update\ParticleUpdateCS.h" />
    <ClInclude Include="Engine\ParticleData\ParticleManager.h" />
    <ClInclude Include="Engine\ParticleData\ParticlePSO\ParticlePSO.h" />
    <ClInclude Include="Engine\ParticleData\ParticleData.h" />
    <ClInclude Include="Engine\ParticleData\Initialize\ParticleInitialize.h" />
    <ClInclude Include="Engine\ParticleData\Emiter\ParticleEmiterCS.h" />
    <ClInclude Include="Application\Effect\EffectMove\EffectMove.h" />
    <ClInclude Include="Application\Game\Boss\Boss.h" />
    <ClInclude Include="Application\Game\FollowCamera\FollowCamera.h" />
    <ClInclude Include="Application\Game\GameUI\GameUI.h" />
    <ClInclude Include="Application\Game\Player\PlayerRoll\PlayerRoll.h" />
    <ClInclude Include="Engine\base\DeltaTimer\DeltaTimer.h" />
    <ClInclude Include="Application\Game\CirccleShadow\CirccleShadow.h" />
    <ClInclude Include="Application\Game\Boss\Idle\BossIdle.h" />
    <ClInclude Include="Application\Game\Boss\Move\BossMove.h" />
    <ClInclude Include="Application\Game\Boss\ATK\BossATKTypeManager.h" />
    <ClInclude Include="Application\Game\Boss\ATK\Normal\BossNormalATKManager.h" />
    <ClInclude Include="Application\Game\Boss\BulletManager\BossBulletManager.h" />
    <ClInclude Include="Application\Game\Player\Behavior\PlayerATKManager\PlayerATKManager.h" />
    <ClInclude Include="Application\Game\Player\Behavior\ATKData\PlayerPunch.h" />
    <ClInclude Include="Application\Game\Scene\GameOverScene.h" />
    <ClInclude Include="Application\Game\Boss\ATK\IATK\IATK.h" />
    <ClInclude Include="Application\Game\Boss\ATK\Normal\Stump\BossStump.h" />
    <ClInclude Include="Application\IScene\IScene.h" />
    <ClInclude Include="Application\Game\Boss\ATK\Normal\Charge\BossCharge.h" />
    <ClInclude Include="Application\Game\Boss\ATK\Normal\ShotBullet\BossShotBullet.h" />
    <ClInclude Include="Engine\GVariableManager\GVaribleManager.h" />
    <ClInclude Include="Application\Game\Scene\GameClearScene.h" />
    <ClInclude Include="Application\Game\Player\Down\PlayerDown.h" />
    <ClInclude Include="Engine\GvariGroup\GvariGroup.h" />
    <ClInclude Include="Engine\GVariableManager\GVariDatas.h" />
    <ClInclude Include="Engine\PostEffect\PEs\PEHighLuminance.h" />
    <ClInclude Include="Engine\PostEffect\SimplePostEffect\SimpleSostEffect.h" />
    <ClInclude Include="Engine\base\memoryReakChecker.h" />
    <ClInclude Include="Engine\PostEffect\PEs\PEBloom.h" />
    <ClInclude Include="Engine\ExtractionScene\ExtractionScene.h" />
  </ItemGroup>
  <ItemGroup>
    <None Include="resources\jsonfile\enemyPopData.json" />
    <None Include="resources\GlobalVariables\StageWall.json" />
    <None Include="resources\jsonfile\resourcePath.json" />
    <None Include="resources\jsonfile\modelPathFile.json" />
    <None Include="resources\jsonfile\PlayerATKData.json" />
    <None Include="resources\shaders\Models\InstancingObject.hlsli" />
    <None Include="resources\shaders\Models\Object3d.hlsli" />
    <None Include="resources\shaders\Particles\Particle.hlsli" />
    <None Include="resources\shaders\Sprite\Sprite.hlsli" />
    <None Include="resources\shaders\PostEffect\CopyImage.hlsli" />
    <None Include="resources\shaders\Skybox\SkyBox.hlsli" />
  </ItemGroup>
  <ItemGroup>
    <Text Include="externals\Imgui\LICENSE.txt" />
  </ItemGroup>
</Project>